
Microsoft Visual Studio Solution File, Format Version 12.00
# Visual Studio 15
VisualStudioVersion = 15.0.28307.136
MinimumVisualStudioVersion = 10.0.40219.1
Project("{FAE04EC0-301F-11D3-BF4B-00C04F79EFBC}") = "ThreadPool_Example", "ThreadPool_Example\ThreadPool_Example.csproj", "{ABB48BCC-8E94-443B-B8E0-FEE18E113776}"
EndProject
Global
	GlobalSection(SolutionConfigurationPlatforms) = preSolution
		Debug|Any CPU = Debug|Any CPU
		Debug|x64 = Debug|x64
		Release|Any CPU = Release|Any CPU
		Release|x64 = Release|x64
	EndGlobalSection
	GlobalSection(ProjectConfigurationPlatforms) = postSolution
		{ABB48BCC-8E94-443B-B8E0-FEE18E113776}.Debug|Any CPU.ActiveCfg = Debug|Any CPU
		{ABB48BCC-8E94-443B-B8E0-FEE18E113776}.Debug|Any CPU.Build.0 = Debug|Any CPU
		{ABB48BCC-8E94-443B-B8E0-FEE18E113776}.Debug|x64.ActiveCfg = Debug|x64
		{ABB48BCC-8E94-443B-B8E0-FEE18E113776}.Debug|x64.Build.0 = Debug|x64
		{ABB48BCC-8E94-443B-B8E0-FEE18E113776}.Release|Any CPU.ActiveCfg = Release|Any CPU
		{ABB48BCC-8E94-443B-B8E0-FEE18E113776}.Release|Any CPU.Build.0 = Release|Any CPU
		{ABB48BCC-8E94-443B-B8E0-FEE18E113776}.Release|x64.ActiveCfg = Release|x64
		{ABB48BCC-8E94-443B-B8E0-FEE18E113776}.Release|x64.Build.0 = Release|x64
	EndGlobalSection
	GlobalSection(SolutionProperties) = preSolution
		HideSolutionNode = FALSE
	EndGlobalSection
	GlobalSection(ExtensibilityGlobals) = postSolution
		SolutionGuid = {9E7CF58E-77C8-41BC-99C3-DF85AB046757}
	EndGlobalSection
EndGlobal
